
Microsoft Visual Studio Solution File, Format Version 12.00
# Visual Studio Version 16
VisualStudioVersion = 16.0.30804.86
MinimumVisualStudioVersion = 10.0.40219.1
Project("{FAE04EC0-301F-11D3-BF4B-00C04F79EFBC}") = "ImportExcel", "ImportExcel\ImportExcel.csproj", "{E9F70005-04C4-437E-A01C-4F00AC5D1BA8}"
EndProject
Project("{FAE04EC0-301F-11D3-BF4B-00C04F79EFBC}") = "ImportExcel.Service", "ImportExcel.Service\ImportExcel.Service.csproj", "{9521B733-0D91-4A62-ABD4-92AAF1DA2C97}"
EndProject
Project("{FAE04EC0-301F-11D3-BF4B-00C04F79EFBC}") = "ImportExcel.BLL", "ImportExcel.BLL\ImportExcel.BLL.csproj", "{FD7FC149-681E-4E75-8DA3-5FD32999EA19}"
EndProject
Global
	GlobalSection(SolutionConfigurationPlatforms) = preSolution
		Debug|Any CPU = Debug|Any CPU
		Release|Any CPU = Release|Any CPU
	EndGlobalSection
	GlobalSection(ProjectConfigurationPlatforms) = postSolution
		{E9F70005-04C4-437E-A01C-4F00AC5D1BA8}.Debug|Any CPU.ActiveCfg = Debug|Any CPU
		{E9F70005-04C4-437E-A01C-4F00AC5D1BA8}.Debug|Any CPU.Build.0 = Debug|Any CPU
		{E9F70005-04C4-437E-A01C-4F00AC5D1BA8}.Release|Any CPU.ActiveCfg = Release|Any CPU
		{E9F70005-04C4-437E-A01C-4F00AC5D1BA8}.Release|Any CPU.Build.0 = Release|Any CPU
		{9521B733-0D91-4A62-ABD4-92AAF1DA2C97}.Debug|Any CPU.ActiveCfg = Debug|Any CPU
		{9521B733-0D91-4A62-ABD4-92AAF1DA2C97}.Debug|Any CPU.Build.0 = Debug|Any CPU
		{9521B733-0D91-4A62-ABD4-92AAF1DA2C97}.Release|Any CPU.ActiveCfg = Release|Any CPU
		{9521B733-0D91-4A62-ABD4-92AAF1DA2C97}.Release|Any CPU.Build.0 = Release|Any CPU
		{FD7FC149-681E-4E75-8DA3-5FD32999EA19}.Debug|Any CPU.ActiveCfg = Debug|Any CPU
		{FD7FC149-681E-4E75-8DA3-5FD32999EA19}.Debug|Any CPU.Build.0 = Debug|Any CPU
		{FD7FC149-681E-4E75-8DA3-5FD32999EA19}.Release|Any CPU.ActiveCfg = Release|Any CPU
		{FD7FC149-681E-4E75-8DA3-5FD32999EA19}.Release|Any CPU.Build.0 = Release|Any CPU
	EndGlobalSection
	GlobalSection(SolutionProperties) = preSolution
		HideSolutionNode = FALSE
	EndGlobalSection
	GlobalSection(ExtensibilityGlobals) = postSolution
		SolutionGuid = {2919EAD1-0F59-49F2-AA1F-E5659FFB1718}
	EndGlobalSection
EndGlobal
